
Microsoft Visual Studio Solution File, Format Version 12.00
# Visual Studio Version 17
VisualStudioVersion = 17.2.32526.322
MinimumVisualStudioVersion = 10.0.40219.1
Project("{9A19103F-16F7-4668-BE54-9A1E7A4F7556}") = "TesteEngegraph", "TesteEngegraph\TesteEngegraph.csproj", "{8264CA60-BC40-43EC-8178-FE5AED957C3D}"
EndProject
Project("{FAE04EC0-301F-11D3-BF4B-00C04F79EFBC}") = "TesteEngegraph_Console", "TesteEngegraph_Console\TesteEngegraph_Console.csproj", "{C053BD2B-82FB-4AA0-A9F6-37BF9DC403A4}"
EndProject
Global
	GlobalSection(SolutionConfigurationPlatforms) = preSolution
		Debug|Any CPU = Debug|Any CPU
		Release|Any CPU = Release|Any CPU
	EndGlobalSection
	GlobalSection(ProjectConfigurationPlatforms) = postSolution
		{8264CA60-BC40-43EC-8178-FE5AED957C3D}.Debug|Any CPU.ActiveCfg = Debug|Any CPU
		{8264CA60-BC40-43EC-8178-FE5AED957C3D}.Debug|Any CPU.Build.0 = Debug|Any CPU
		{8264CA60-BC40-43EC-8178-FE5AED957C3D}.Release|Any CPU.ActiveCfg = Release|Any CPU
		{8264CA60-BC40-43EC-8178-FE5AED957C3D}.Release|Any CPU.Build.0 = Release|Any CPU
		{C053BD2B-82FB-4AA0-A9F6-37BF9DC403A4}.Debug|Any CPU.ActiveCfg = Debug|Any CPU
		{C053BD2B-82FB-4AA0-A9F6-37BF9DC403A4}.Debug|Any CPU.Build.0 = Debug|Any CPU
		{C053BD2B-82FB-4AA0-A9F6-37BF9DC403A4}.Release|Any CPU.ActiveCfg = Release|Any CPU
		{C053BD2B-82FB-4AA0-A9F6-37BF9DC403A4}.Release|Any CPU.Build.0 = Release|Any CPU
	EndGlobalSection
	GlobalSection(SolutionProperties) = preSolution
		HideSolutionNode = FALSE
	EndGlobalSection
	GlobalSection(ExtensibilityGlobals) = postSolution
		SolutionGuid = {EF0499EC-B801-4869-A17B-2EB1E5A57111}
	EndGlobalSection
EndGlobal
